
Microsoft Visual Studio Solution File, Format Version 12.00
# Visual Studio Version 17
VisualStudioVersion = 17.10.35027.167
MinimumVisualStudioVersion = 10.0.40219.1
Project("{9A19103F-16F7-4668-BE54-9A1E7A4F7556}") = "MauiDemo", "MauiDemo\MauiDemo.csproj", "{51CA0E24-BC06-42BA-A534-B36B026A6FD6}"
EndProject
Project("{9A19103F-16F7-4668-BE54-9A1E7A4F7556}") = "MauiControls", "MauiControls\MauiControls.csproj", "{109E5B2D-648F-49EF-8A37-89BA3A5A71B6}"
EndProject
Project("{FAE04EC0-301F-11D3-BF4B-00C04F79EFBC}") = "MauiDemoDataBinding", "MauiDemoDataBinding\MauiDemoDataBinding.csproj", "{E5E2D356-EC16-4604-BED9-4E7B429EBA4B}"
EndProject
Project("{FAE04EC0-301F-11D3-BF4B-00C04F79EFBC}") = "MauiJogoForca", "MauiJogoForca\MauiJogoForca.csproj", "{C64FEBF7-F9D8-466F-88D3-739FCB2C0899}"
EndProject
Project("{FAE04EC0-301F-11D3-BF4B-00C04F79EFBC}") = "MauiResources1", "MauiResources1\MauiResources1.csproj", "{557DED8A-D515-450B-A01C-1A2D93356C3A}"
EndProject
Project("{FAE04EC0-301F-11D3-BF4B-00C04F79EFBC}") = "MauiDividirConta", "MauiDividirConta\MauiDividirConta.csproj", "{64012C3A-68D4-42BE-8050-9F4DDFC4AA15}"
EndProject
Global
	GlobalSection(SolutionConfigurationPlatforms) = preSolution
		Debug|Any CPU = Debug|Any CPU
		Release|Any CPU = Release|Any CPU
	EndGlobalSection
	GlobalSection(ProjectConfigurationPlatforms) = postSolution
		{51CA0E24-BC06-42BA-A534-B36B026A6FD6}.Debug|Any CPU.ActiveCfg = Debug|Any CPU
		{51CA0E24-BC06-42BA-A534-B36B026A6FD6}.Debug|Any CPU.Build.0 = Debug|Any CPU
		{51CA0E24-BC06-42BA-A534-B36B026A6FD6}.Debug|Any CPU.Deploy.0 = Debug|Any CPU
		{51CA0E24-BC06-42BA-A534-B36B026A6FD6}.Release|Any CPU.ActiveCfg = Release|Any CPU
		{51CA0E24-BC06-42BA-A534-B36B026A6FD6}.Release|Any CPU.Build.0 = Release|Any CPU
		{51CA0E24-BC06-42BA-A534-B36B026A6FD6}.Release|Any CPU.Deploy.0 = Release|Any CPU
		{109E5B2D-648F-49EF-8A37-89BA3A5A71B6}.Debug|Any CPU.ActiveCfg = Debug|Any CPU
		{109E5B2D-648F-49EF-8A37-89BA3A5A71B6}.Debug|Any CPU.Build.0 = Debug|Any CPU
		{109E5B2D-648F-49EF-8A37-89BA3A5A71B6}.Debug|Any CPU.Deploy.0 = Debug|Any CPU
		{109E5B2D-648F-49EF-8A37-89BA3A5A71B6}.Release|Any CPU.ActiveCfg = Release|Any CPU
		{109E5B2D-648F-49EF-8A37-89BA3A5A71B6}.Release|Any CPU.Build.0 = Release|Any CPU
		{109E5B2D-648F-49EF-8A37-89BA3A5A71B6}.Release|Any CPU.Deploy.0 = Release|Any CPU
		{E5E2D356-EC16-4604-BED9-4E7B429EBA4B}.Debug|Any CPU.ActiveCfg = Debug|Any CPU
		{E5E2D356-EC16-4604-BED9-4E7B429EBA4B}.Debug|Any CPU.Build.0 = Debug|Any CPU
		{E5E2D356-EC16-4604-BED9-4E7B429EBA4B}.Debug|Any CPU.Deploy.0 = Debug|Any CPU
		{E5E2D356-EC16-4604-BED9-4E7B429EBA4B}.Release|Any CPU.ActiveCfg = Release|Any CPU
		{E5E2D356-EC16-4604-BED9-4E7B429EBA4B}.Release|Any CPU.Build.0 = Release|Any CPU
		{E5E2D356-EC16-4604-BED9-4E7B429EBA4B}.Release|Any CPU.Deploy.0 = Release|Any CPU
		{C64FEBF7-F9D8-466F-88D3-739FCB2C0899}.Debug|Any CPU.ActiveCfg = Debug|Any CPU
		{C64FEBF7-F9D8-466F-88D3-739FCB2C0899}.Debug|Any CPU.Build.0 = Debug|Any CPU
		{C64FEBF7-F9D8-466F-88D3-739FCB2C0899}.Debug|Any CPU.Deploy.0 = Debug|Any CPU
		{C64FEBF7-F9D8-466F-88D3-739FCB2C0899}.Release|Any CPU.ActiveCfg = Release|Any CPU
		{C64FEBF7-F9D8-466F-88D3-739FCB2C0899}.Release|Any CPU.Build.0 = Release|Any CPU
		{C64FEBF7-F9D8-466F-88D3-739FCB2C0899}.Release|Any CPU.Deploy.0 = Release|Any CPU
		{557DED8A-D515-450B-A01C-1A2D93356C3A}.Debug|Any CPU.ActiveCfg = Debug|Any CPU
		{557DED8A-D515-450B-A01C-1A2D93356C3A}.Debug|Any CPU.Build.0 = Debug|Any CPU
		{557DED8A-D515-450B-A01C-1A2D93356C3A}.Debug|Any CPU.Deploy.0 = Debug|Any CPU
		{557DED8A-D515-450B-A01C-1A2D93356C3A}.Release|Any CPU.ActiveCfg = Release|Any CPU
		{557DED8A-D515-450B-A01C-1A2D93356C3A}.Release|Any CPU.Build.0 = Release|Any CPU
		{557DED8A-D515-450B-A01C-1A2D93356C3A}.Release|Any CPU.Deploy.0 = Release|Any CPU
		{64012C3A-68D4-42BE-8050-9F4DDFC4AA15}.Debug|Any CPU.ActiveCfg = Debug|Any CPU
		{64012C3A-68D4-42BE-8050-9F4DDFC4AA15}.Debug|Any CPU.Build.0 = Debug|Any CPU
		{64012C3A-68D4-42BE-8050-9F4DDFC4AA15}.Debug|Any CPU.Deploy.0 = Debug|Any CPU
		{64012C3A-68D4-42BE-8050-9F4DDFC4AA15}.Release|Any CPU.ActiveCfg = Release|Any CPU
		{64012C3A-68D4-42BE-8050-9F4DDFC4AA15}.Release|Any CPU.Build.0 = Release|Any CPU
		{64012C3A-68D4-42BE-8050-9F4DDFC4AA15}.Release|Any CPU.Deploy.0 = Release|Any CPU
	EndGlobalSection
	GlobalSection(SolutionProperties) = preSolution
		HideSolutionNode = FALSE
	EndGlobalSection
	GlobalSection(ExtensibilityGlobals) = postSolution
		SolutionGuid = {98813FEB-FF7B-46E2-9C5E-FC8D8237B543}
	EndGlobalSection
EndGlobal
